# This file was autogenerated by Stack.
# You should not edit this file by hand.
# For more information, please see the documentation at:
#   https://docs.haskellstack.org/en/stable/lock_files

packages:
- completed:
    hackage: co-log-0.3.0.0@sha256:0eb5cf2598c3673f39a8e967a6a4f5043f4d1f1fcb50a844653c34fcf0cb068a,4508
    pantry-tree:
      size: 1062
      sha256: 73ea1e753200eee0cdfce8a8c30c9df2b7978ab0fc314de74428507c83db9f46
  original:
    hackage: co-log-0.3.0.0@sha256:0eb5cf2598c3673f39a8e967a6a4f5043f4d1f1fcb50a844653c34fcf0cb068a,4508
- completed:
    hackage: ansi-terminal-0.9.1@sha256:48f53532d0f365ffa568c8cf0adc84c66f800a7d80d3329e4f04fa75392f4af1,3225
    pantry-tree:
      size: 1461
      sha256: 4686b1fdd2b74598eb83d35f447e4520d58d6534b5277a6f2bfaaa258bf1f833
  original:
    hackage: ansi-terminal-0.9.1@sha256:48f53532d0f365ffa568c8cf0adc84c66f800a7d80d3329e4f04fa75392f4af1,3225
- completed:
    hackage: chronos-1.0.5@sha256:0e27b2f66e23b4965245749a430f5c5434a2f75985c41d3406fc4db9fceef28d,2998
    pantry-tree:
      size: 579
      sha256: 99ee0ba360298de25da8c165115da1b0e1ceeefefac4bbe47d31ff89af1a4a19
  original:
    hackage: chronos-1.0.5@sha256:0e27b2f66e23b4965245749a430f5c5434a2f75985c41d3406fc4db9fceef28d,2998
- completed:
    hackage: co-log-core-0.2.0.0@sha256:ca2368435e7516df08f928c6be99e44f1574139d97ece023fab0d8de72d95b12,3084
    pantry-tree:
      size: 584
      sha256: 01716ff9a30dac506095a0c1f0a29b27ff1cbdddaad06d9cb86d138c00819b63
  original:
    hackage: co-log-core-0.2.0.0@sha256:ca2368435e7516df08f928c6be99e44f1574139d97ece023fab0d8de72d95b12,3084
- completed:
    hackage: typerep-map-0.3.2@sha256:4fc9ab71a0004c879a262997155cfc5faf539456d148bbfd691f9ec70e5442cd,4831
    pantry-tree:
      size: 1476
      sha256: 1e845964cf5b7f467c20b4b2a7661c24905ae8e302106144d1526c801e856b76
  original:
    hackage: typerep-map-0.3.2@sha256:4fc9ab71a0004c879a262997155cfc5faf539456d148bbfd691f9ec70e5442cd,4831
- completed:
    hackage: torsor-0.1@sha256:9c6f152650322357bee013a224d9d7ec8e8ae9fe32d8cee45f1431c49b0129e2,558
    pantry-tree:
      size: 249
      sha256: 1cdb29bac471904bed3f44281a943929e696f696b9d2a43cce7d991b2cd9403b
  original:
    hackage: torsor-0.1@sha256:9c6f152650322357bee013a224d9d7ec8e8ae9fe32d8cee45f1431c49b0129e2,558
- completed:
    hackage: beam-sqlite-0.4.0.0@sha256:00504aa701bd000eb2a9df2214c46bc81a8244b41fb2bee16433adf16b89a94f,2750
    pantry-tree:
      size: 618
      sha256: 182b944bdc2c787f0c4069125508357440c04261251b2581038b60b6481a901a
  original:
    hackage: beam-sqlite-0.4.0.0@sha256:00504aa701bd000eb2a9df2214c46bc81a8244b41fb2bee16433adf16b89a94f,2750
- completed:
    hackage: beam-migrate-0.4.0.1@sha256:c53948a84972f67e97ba9c56f3dda9abfed556ba2f1672dc3070eb2512791efb,4920
    pantry-tree:
      size: 1720
      sha256: 7ab124f3ac3c74bf5b342d2ef73c9ef3c13ddd7b0804aea340423ceb1baf72a1
  original:
    hackage: beam-migrate-0.4.0.1@sha256:c53948a84972f67e97ba9c56f3dda9abfed556ba2f1672dc3070eb2512791efb,4920
- completed:
    hackage: beam-postgres-0.4.0.0@sha256:a01443ce503cfc58cbe28f476252672282347579444b65f2925a12ba6a2c13f5,4173
    pantry-tree:
      size: 1519
      sha256: 43e16080098e8f673005723a0ca208850c88dced527030341f919859a54cde91
  original:
    hackage: beam-postgres-0.4.0.0@sha256:a01443ce503cfc58cbe28f476252672282347579444b65f2925a12ba6a2c13f5,4173
snapshots:
- completed:
    size: 499889
    url: https://raw.githubusercontent.com/commercialhaskell/stackage-snapshots/master/lts/13/26.yaml
    sha256: ecb02ee16829df8d7219e7d7fe6c310819820bf335b0b9534bce84d3ea896684
  original: lts-13.26
